{
  "nodes": {
    "devshell": {
      "inputs": {
        "flake-utils": "flake-utils",
        "nixpkgs": [
          "neovim",
          "nixvim",
          "nixpkgs"
        ]
      },
      "locked": {
        "lastModified": 1708939976,
        "narHash": "sha256-O5+nFozxz2Vubpdl1YZtPrilcIXPcRAjqNdNE8oCRoA=",
        "owner": "numtide",
        "repo": "devshell",
        "rev": "5ddecd67edbd568ebe0a55905273e56cc82aabe3",
        "type": "github"
      },
      "original": {
        "owner": "numtide",
        "repo": "devshell",
        "type": "github"
      }
    },
    "flake-compat": {
      "locked": {
        "lastModified": 1696426674,
        "narHash": "sha256-kvjfFW7WAETZlt09AgDn1MrtKzP7t90Vf7vypd3OL1U=",
        "rev": "0f9255e01c2351cc7d116c072cb317785dd33b33",
        "revCount": 57,
        "type": "tarball",
        "url": "https://api.flakehub.com/f/pinned/edolstra/flake-compat/1.0.1/018afb31-abd1-7bff-a5e4-cff7e18efb7a/source.tar.gz"
      },
      "original": {
        "type": "tarball",
        "url": "https://flakehub.com/f/edolstra/flake-compat/1.tar.gz"
      }
    },
    "flake-compat_2": {
      "flake": false,
      "locked": {
        "lastModified": 1696426674,
        "narHash": "sha256-kvjfFW7WAETZlt09AgDn1MrtKzP7t90Vf7vypd3OL1U=",
        "owner": "edolstra",
        "repo": "flake-compat",
        "rev": "0f9255e01c2351cc7d116c072cb317785dd33b33",
        "type": "github"
      },
      "original": {
        "owner": "edolstra",
        "repo": "flake-compat",
        "type": "github"
      }
    },
    "flake-parts": {
      "inputs": {
        "nixpkgs-lib": "nixpkgs-lib"
      },
      "locked": {
        "lastModified": 1709336216,
        "narHash": "sha256-Dt/wOWeW6Sqm11Yh+2+t0dfEWxoMxGBvv3JpIocFl9E=",
        "owner": "hercules-ci",
        "repo": "flake-parts",
        "rev": "f7b3c975cf067e56e7cda6cb098ebe3fb4d74ca2",
        "type": "github"
      },
      "original": {
        "owner": "hercules-ci",
        "repo": "flake-parts",
        "type": "github"
      }
    },
    "flake-parts_2": {
      "inputs": {
        "nixpkgs-lib": [
          "neovim",
          "nixvim",
          "nixpkgs"
        ]
      },
      "locked": {
        "lastModified": 1709336216,
        "narHash": "sha256-Dt/wOWeW6Sqm11Yh+2+t0dfEWxoMxGBvv3JpIocFl9E=",
        "owner": "hercules-ci",
        "repo": "flake-parts",
        "rev": "f7b3c975cf067e56e7cda6cb098ebe3fb4d74ca2",
        "type": "github"
      },
      "original": {
        "owner": "hercules-ci",
        "repo": "flake-parts",
        "type": "github"
      }
    },
    "flake-utils": {
      "inputs": {
        "systems": "systems"
      },
      "locked": {
        "lastModified": 1701680307,
        "narHash": "sha256-kAuep2h5ajznlPMD9rnQyffWG8EM/C73lejGofXvdM8=",
        "owner": "numtide",
        "repo": "flake-utils",
        "rev": "4022d587cbbfd70fe950c1e2083a02621806a725",
        "type": "github"
      },
      "original": {
        "owner": "numtide",
        "repo": "flake-utils",
        "type": "github"
      }
    },
    "flake-utils_2": {
      "inputs": {
        "systems": "systems_2"
      },
      "locked": {
        "lastModified": 1701680307,
        "narHash": "sha256-kAuep2h5ajznlPMD9rnQyffWG8EM/C73lejGofXvdM8=",
        "owner": "numtide",
        "repo": "flake-utils",
        "rev": "4022d587cbbfd70fe950c1e2083a02621806a725",
        "type": "github"
      },
      "original": {
        "owner": "numtide",
        "repo": "flake-utils",
        "type": "github"
      }
    },
    "gitignore": {
      "inputs": {
        "nixpkgs": [
          "neovim",
          "nixvim",
          "pre-commit-hooks",
          "nixpkgs"
        ]
      },
      "locked": {
        "lastModified": 1703887061,
        "narHash": "sha256-gGPa9qWNc6eCXT/+Z5/zMkyYOuRZqeFZBDbopNZQkuY=",
        "owner": "hercules-ci",
        "repo": "gitignore.nix",
        "rev": "43e1aa1308018f37118e34d3a9cb4f5e75dc11d5",
        "type": "github"
      },
      "original": {
        "owner": "hercules-ci",
        "repo": "gitignore.nix",
        "type": "github"
      }
    },
    "home-manager": {
      "inputs": {
        "nixpkgs": [
          "nixpkgs"
        ]
      },
      "locked": {
        "lastModified": 1711133180,
        "narHash": "sha256-WJOahf+6115+GMl3wUfURu8fszuNeJLv9qAWFQl3Vmo=",
        "owner": "nix-community",
        "repo": "home-manager",
        "rev": "1c2c5e4cabba4c43504ef0f8cc3f3dfa284e2dbb",
        "type": "github"
      },
      "original": {
        "owner": "nix-community",
        "repo": "home-manager",
        "type": "github"
      }
    },
    "home-manager_2": {
      "inputs": {
        "nixpkgs": [
          "neovim",
          "nixvim",
          "nixpkgs"
        ]
      },
      "locked": {
        "lastModified": 1709578243,
        "narHash": "sha256-hF96D+c2PBmAFhymMw3z8hou++lqKtZ7IzpFbYeL1/Y=",
        "owner": "nix-community",
        "repo": "home-manager",
        "rev": "23ff9821bcaec12981e32049e8687f25f11e5ef3",
        "type": "github"
      },
      "original": {
        "owner": "nix-community",
        "repo": "home-manager",
        "type": "github"
      }
    },
    "neovim": {
      "inputs": {
        "flake-parts": "flake-parts",
        "nixpkgs": [
          "nixpkgs"
        ],
        "nixvim": "nixvim"
      },
      "locked": {
        "lastModified": 1709972099,
        "narHash": "sha256-LICKjF7DWRI1cnY0/XZomRuiR30w015Z3ddAxIuJ8QY=",
        "owner": "dileep-kishore",
        "repo": "neovim",
        "rev": "5878031427ac90aa010b4454e9ad05cad674afb9",
        "type": "github"
      },
      "original": {
        "owner": "dileep-kishore",
        "repo": "neovim",
        "type": "github"
      }
    },
    "nix-darwin": {
      "inputs": {
        "nixpkgs": [
          "neovim",
          "nixvim",
          "nixpkgs"
        ]
      },
      "locked": {
        "lastModified": 1709554374,
        "narHash": "sha256-1yYgwxBzia+QrOaQaZ6YKqGFfiQcSBwYLzd9XRsRLQY=",
        "owner": "lnl7",
        "repo": "nix-darwin",
        "rev": "daa03606dfb5296a22e842acb02b46c1c4e9f5e7",
        "type": "github"
      },
      "original": {
        "owner": "lnl7",
        "repo": "nix-darwin",
        "type": "github"
      }
    },
    "nixpkgs": {
      "locked": {
        "lastModified": 1709479366,
        "narHash": "sha256-n6F0n8UV6lnTZbYPl1A9q1BS0p4hduAv1mGAP17CVd0=",
        "owner": "NixOS",
        "repo": "nixpkgs",
        "rev": "b8697e57f10292a6165a20f03d2f42920dfaf973",
        "type": "github"
      },
      "original": {
        "owner": "NixOS",
        "ref": "nixos-unstable",
        "repo": "nixpkgs",
        "type": "github"
      }
    },
    "nixpkgs-lib": {
      "locked": {
        "dir": "lib",
        "lastModified": 1709237383,
        "narHash": "sha256-cy6ArO4k5qTx+l5o+0mL9f5fa86tYUX3ozE1S+Txlds=",
        "owner": "NixOS",
        "repo": "nixpkgs",
        "rev": "1536926ef5621b09bba54035ae2bb6d806d72ac8",
        "type": "github"
      },
      "original": {
        "dir": "lib",
        "owner": "NixOS",
        "ref": "nixos-unstable",
        "repo": "nixpkgs",
        "type": "github"
      }
    },
    "nixpkgs-stable": {
      "locked": {
        "lastModified": 1711233294,
        "narHash": "sha256-eEu5y4J145BYDw9o/YEmeJyqh8blgnZwuz9k234zuWc=",
        "owner": "NixOS",
        "repo": "nixpkgs",
        "rev": "ac6bdf6181666ebb4f90dd20f31e2fa66ede6b68",
        "type": "github"
      },
      "original": {
        "owner": "NixOS",
        "ref": "release-23.11",
        "repo": "nixpkgs",
        "type": "github"
      }
    },
    "nixpkgs_2": {
      "locked": {
        "lastModified": 1711163522,
        "narHash": "sha256-YN/Ciidm+A0fmJPWlHBGvVkcarYWSC+s3NTPk/P+q3c=",
        "owner": "NixOS",
        "repo": "nixpkgs",
        "rev": "44d0940ea560dee511026a53f0e2e2cde489b4d4",
        "type": "github"
      },
      "original": {
        "owner": "NixOS",
        "ref": "nixos-unstable",
        "repo": "nixpkgs",
        "type": "github"
      }
    },
    "nixpkgs_3": {
      "locked": {
        "lastModified": 1711200738,
        "narHash": "sha256-dkJmk/ET/tRV4007O6kU101UEg1svUwiyk/zEEX9Tdg=",
        "owner": "NixOS",
        "repo": "nixpkgs",
        "rev": "20bc93ca7b2158ebc99b8cef987a2173a81cde35",
        "type": "github"
      },
      "original": {
        "owner": "NixOS",
        "ref": "nixpkgs-unstable",
        "repo": "nixpkgs",
        "type": "github"
      }
    },
    "nixvim": {
      "inputs": {
        "devshell": "devshell",
        "flake-compat": "flake-compat",
        "flake-parts": "flake-parts_2",
        "home-manager": "home-manager_2",
        "nix-darwin": "nix-darwin",
        "nixpkgs": "nixpkgs",
        "pre-commit-hooks": "pre-commit-hooks"
      },
      "locked": {
        "lastModified": 1709939045,
        "narHash": "sha256-cnh6ffM9DtulbQTZozM8ya1i7gjpbG7+n8udSTaYzrM=",
        "owner": "nix-community",
        "repo": "nixvim",
        "rev": "8569b5c5506247423c39f2b3a0739f12fde41e38",
        "type": "github"
      },
      "original": {
        "owner": "nix-community",
        "repo": "nixvim",
        "type": "github"
      }
    },
    "pre-commit-hooks": {
      "inputs": {
        "flake-compat": "flake-compat_2",
        "flake-utils": "flake-utils_2",
        "gitignore": "gitignore",
        "nixpkgs": [
          "neovim",
          "nixvim",
          "nixpkgs"
        ],
        "nixpkgs-stable": [
          "neovim",
          "nixvim",
          "nixpkgs"
        ]
      },
      "locked": {
        "lastModified": 1708018599,
        "narHash": "sha256-M+Ng6+SePmA8g06CmUZWi1AjG2tFBX9WCXElBHEKnyM=",
        "owner": "cachix",
        "repo": "pre-commit-hooks.nix",
        "rev": "5df5a70ad7575f6601d91f0efec95dd9bc619431",
        "type": "github"
      },
      "original": {
        "owner": "cachix",
        "repo": "pre-commit-hooks.nix",
        "type": "github"
      }
    },
    "root": {
      "inputs": {
        "home-manager": "home-manager",
        "neovim": "neovim",
        "nixpkgs": "nixpkgs_2",
        "sops-nix": "sops-nix"
      }
    },
    "sops-nix": {
      "inputs": {
        "nixpkgs": "nixpkgs_3",
        "nixpkgs-stable": "nixpkgs-stable"
      },
      "locked": {
        "lastModified": 1711249319,
        "narHash": "sha256-N+Pp3/8H+rd7cO71VNV/ovV/Kwt+XNeUHNhsmyTabdM=",
        "owner": "Mic92",
        "repo": "sops-nix",
        "rev": "405987a66cce9a4a82f321f11b205982a7127c88",
        "type": "github"
      },
      "original": {
        "owner": "Mic92",
        "repo": "sops-nix",
        "type": "github"
      }
    },
    "systems": {
      "locked": {
        "lastModified": 1681028828,
        "narHash": "sha256-Vy1rq5AaRuLzOxct8nz4T6wlgyUR7zLU309k9mBC768=",
        "owner": "nix-systems",
        "repo": "default",
        "rev": "da67096a3b9bf56a91d16901293e51ba5b49a27e",
        "type": "github"
      },
      "original": {
        "owner": "nix-systems",
        "repo": "default",
        "type": "github"
      }
    },
    "systems_2": {
      "locked": {
        "lastModified": 1681028828,
        "narHash": "sha256-Vy1rq5AaRuLzOxct8nz4T6wlgyUR7zLU309k9mBC768=",
        "owner": "nix-systems",
        "repo": "default",
        "rev": "da67096a3b9bf56a91d16901293e51ba5b49a27e",
        "type": "github"
      },
      "original": {
        "owner": "nix-systems",
        "repo": "default",
        "type": "github"
      }
    }
  },
  "root": "root",
  "version": 7
}
