{
  "nodes": {
    "home-manager": {
      "inputs": {
        "nixpkgs": [
          "nixpkgs"
        ]
      },
      "locked": {
        "lastModified": 1697964592,
        "narHash": "sha256-fua0LKNLkYYK2Dgdm9P+VPdqrVgDXUIx+EkQAQByhuc=",
        "owner": "nix-community",
        "repo": "home-manager",
        "rev": "219d268a69512ff520fe8da1739ac22d95d52355",
        "type": "github"
      },
      "original": {
        "owner": "nix-community",
        "repo": "home-manager",
        "type": "github"
      }
    },
    "nixpkgs": {
      "locked": {
        "lastModified": 1697723726,
        "narHash": "sha256-SaTWPkI8a5xSHX/rrKzUe+/uVNy6zCGMXgoeMb7T9rg=",
        "owner": "NixOS",
        "repo": "nixpkgs",
        "rev": "7c9cc5a6e5d38010801741ac830a3f8fd667a7a0",
        "type": "github"
      },
      "original": {
        "owner": "NixOS",
        "ref": "nixos-unstable",
        "repo": "nixpkgs",
        "type": "github"
      }
    },
    "root": {
      "inputs": {
        "home-manager": "home-manager",
        "nixpkgs": "nixpkgs"
      }
    }
  },
  "root": "root",
  "version": 7
}
